
Microsoft Visual Studio Solution File, Format Version 12.00
# Visual Studio 15
VisualStudioVersion = 15.0.26403.7
MinimumVisualStudioVersion = 10.0.40219.1
Project("{2150E333-8FDC-42A3-9474-1A3956D46DE8}") = "DAL", "DAL", "{1078C51C-6436-42EB-8E30-39738AE9AF3A}"
EndProject
Project("{2150E333-8FDC-42A3-9474-1A3956D46DE8}") = "SpreadsheetAPI", "SpreadsheetAPI", "{0969B35D-B02A-46CA-9661-D5EEDBAE2936}"
EndProject
Project("{FAE04EC0-301F-11D3-BF4B-00C04F79EFBC}") = "MyBudget.Repository", "DAL\MyBudget.Repository\MyBudget.Repository.csproj", "{5AA96CEE-14C4-483A-A7A4-CB7D3AD55B50}"
EndProject
Project("{2150E333-8FDC-42A3-9474-1A3956D46DE8}") = "UI", "UI", "{913D9E5F-93C7-40B2-8B4D-1EDFB4A36F48}"
EndProject
Project("{FAE04EC0-301F-11D3-BF4B-00C04F79EFBC}") = "MyBudget.UI", "UI\MyBudget.UI\MyBudget.UI.csproj", "{90B0D57A-F5E4-4623-A7F6-4EF618A2379C}"
EndProject
Project("{FAE04EC0-301F-11D3-BF4B-00C04F79EFBC}") = "MyBudget.Repository.Test", "DAL\MyBudget.Repository.Test\MyBudget.Repository.Test.csproj", "{C2F66C4C-FBA2-4B57-A2DE-1D151DE142B6}"
EndProject
Project("{FAE04EC0-301F-11D3-BF4B-00C04F79EFBC}") = "MyBudget.Spreadsheet", "DAL\SpreadsheetAPI\Spreadsheet\MyBudget.Spreadsheet.csproj", "{324A7239-A6D8-496D-AF83-4F5146EC0FEE}"
EndProject
Project("{FAE04EC0-301F-11D3-BF4B-00C04F79EFBC}") = "MyBudget.Spreadsheet.Test", "DAL\SpreadsheetAPI\Spreadsheet.Test\MyBudget.Spreadsheet.Test.csproj", "{D4E146A2-B7CA-4C23-B82E-A7589B3C8EBB}"
EndProject
Global
	GlobalSection(SolutionConfigurationPlatforms) = preSolution
		Debug|Any CPU = Debug|Any CPU
		Release|Any CPU = Release|Any CPU
	EndGlobalSection
	GlobalSection(ProjectConfigurationPlatforms) = postSolution
		{5AA96CEE-14C4-483A-A7A4-CB7D3AD55B50}.Debug|Any CPU.ActiveCfg = Debug|Any CPU
		{5AA96CEE-14C4-483A-A7A4-CB7D3AD55B50}.Debug|Any CPU.Build.0 = Debug|Any CPU
		{5AA96CEE-14C4-483A-A7A4-CB7D3AD55B50}.Release|Any CPU.ActiveCfg = Release|Any CPU
		{5AA96CEE-14C4-483A-A7A4-CB7D3AD55B50}.Release|Any CPU.Build.0 = Release|Any CPU
		{90B0D57A-F5E4-4623-A7F6-4EF618A2379C}.Debug|Any CPU.ActiveCfg = Debug|Any CPU
		{90B0D57A-F5E4-4623-A7F6-4EF618A2379C}.Debug|Any CPU.Build.0 = Debug|Any CPU
		{90B0D57A-F5E4-4623-A7F6-4EF618A2379C}.Release|Any CPU.ActiveCfg = Release|Any CPU
		{90B0D57A-F5E4-4623-A7F6-4EF618A2379C}.Release|Any CPU.Build.0 = Release|Any CPU
		{C2F66C4C-FBA2-4B57-A2DE-1D151DE142B6}.Debug|Any CPU.ActiveCfg = Debug|Any CPU
		{C2F66C4C-FBA2-4B57-A2DE-1D151DE142B6}.Debug|Any CPU.Build.0 = Debug|Any CPU
		{C2F66C4C-FBA2-4B57-A2DE-1D151DE142B6}.Release|Any CPU.ActiveCfg = Release|Any CPU
		{C2F66C4C-FBA2-4B57-A2DE-1D151DE142B6}.Release|Any CPU.Build.0 = Release|Any CPU
		{324A7239-A6D8-496D-AF83-4F5146EC0FEE}.Debug|Any CPU.ActiveCfg = Debug|Any CPU
		{324A7239-A6D8-496D-AF83-4F5146EC0FEE}.Debug|Any CPU.Build.0 = Debug|Any CPU
		{324A7239-A6D8-496D-AF83-4F5146EC0FEE}.Release|Any CPU.ActiveCfg = Release|Any CPU
		{324A7239-A6D8-496D-AF83-4F5146EC0FEE}.Release|Any CPU.Build.0 = Release|Any CPU
		{D4E146A2-B7CA-4C23-B82E-A7589B3C8EBB}.Debug|Any CPU.ActiveCfg = Debug|Any CPU
		{D4E146A2-B7CA-4C23-B82E-A7589B3C8EBB}.Debug|Any CPU.Build.0 = Debug|Any CPU
		{D4E146A2-B7CA-4C23-B82E-A7589B3C8EBB}.Release|Any CPU.ActiveCfg = Release|Any CPU
		{D4E146A2-B7CA-4C23-B82E-A7589B3C8EBB}.Release|Any CPU.Build.0 = Release|Any CPU
	EndGlobalSection
	GlobalSection(SolutionProperties) = preSolution
		HideSolutionNode = FALSE
	EndGlobalSection
	GlobalSection(NestedProjects) = preSolution
		{0969B35D-B02A-46CA-9661-D5EEDBAE2936} = {1078C51C-6436-42EB-8E30-39738AE9AF3A}
		{5AA96CEE-14C4-483A-A7A4-CB7D3AD55B50} = {1078C51C-6436-42EB-8E30-39738AE9AF3A}
		{90B0D57A-F5E4-4623-A7F6-4EF618A2379C} = {913D9E5F-93C7-40B2-8B4D-1EDFB4A36F48}
		{C2F66C4C-FBA2-4B57-A2DE-1D151DE142B6} = {1078C51C-6436-42EB-8E30-39738AE9AF3A}
		{324A7239-A6D8-496D-AF83-4F5146EC0FEE} = {0969B35D-B02A-46CA-9661-D5EEDBAE2936}
		{D4E146A2-B7CA-4C23-B82E-A7589B3C8EBB} = {0969B35D-B02A-46CA-9661-D5EEDBAE2936}
	EndGlobalSection
EndGlobal
